// !$*UTF8*$!
{
	archiveVersion = 1;
	classes = {
	};
	objectVersion = 50;
	objects = {

/* Begin PBXBuildFile section */
		EEE10CC924829B0C005EDE1A /* AppDelegate.m in Sources */ = {isa = PBXBuildFile; fileRef = EEE10CC824829B0C005EDE1A /* AppDelegate.m */; };
		EEE10CCC24829B0C005EDE1A /* SceneDelegate.m in Sources */ = {isa = PBXBuildFile; fileRef = EEE10CCB24829B0C005EDE1A /* SceneDelegate.m */; };
		EEE10CCF24829B0C005EDE1A /* ViewController.m in Sources */ = {isa = PBXBuildFile; fileRef = EEE10CCE24829B0C005EDE1A /* ViewController.m */; };
		EEE10CD224829B0C005EDE1A /* Main.storyboard in Resources */ = {isa = PBXBuildFile; fileRef = EEE10CD024829B0C005EDE1A /* Main.storyboard */; };
		EEE10CD424829B0F005EDE1A /* Assets.xcassets in Resources */ = {isa = PBXBuildFile; fileRef = EEE10CD324829B0F005EDE1A /* Assets.xcassets */; };
		EEE10CD724829B0F005EDE1A /* LaunchScreen.storyboard in Resources */ = {isa = PBXBuildFile; fileRef = EEE10CD524829B0F005EDE1A /* LaunchScreen.storyboard */; };
		EEE10CDA24829B0F005EDE1A /* main.m in Sources */ = {isa = PBXBuildFile; fileRef = EEE10CD924829B0F005EDE1A /* main.m */; };
		EEE10CE224829B26005EDE1A /* ViewController1.m in Sources */ = {isa = PBXBuildFile; fileRef = EEE10CE124829B26005EDE1A /* ViewController1.m */; };
		EEE10CE524829B3F005EDE1A /* IDOJumpManager.m in Sources */ = {isa = PBXBuildFile; fileRef = EEE10CE424829B3F005EDE1A /* IDOJumpManager.m */; };
		EEE10CE824829BD8005EDE1A /* ViewController2.m in Sources */ = {isa = PBXBuildFile; fileRef = EEE10CE724829BD8005EDE1A /* ViewController2.m */; };
		EEE10CEB2482A13E005EDE1A /* CustomNaviViewController.m in Sources */ = {isa = PBXBuildFile; fileRef = EEE10CEA2482A13E005EDE1A /* CustomNaviViewController.m */; };
/* End PBXBuildFile section */

/* Begin PBXFileReference section */
		EEE10CC424829B0C005EDE1A /* VCJumpToolDemo.app */ = {isa = PBXFileReference; explicitFileType = wrapper.application; includeInIndex = 0; path = VCJumpToolDemo.app; sourceTree = BUILT_PRODUCTS_DIR; };
		EEE10CC724829B0C005EDE1A /* AppDelegate.h */ = {isa = PBXFileReference; lastKnownFileType = sourcecode.c.h; path = AppDelegate.h; sourceTree = "<group>"; };
		EEE10CC824829B0C005EDE1A /* AppDelegate.m */ = {isa = PBXFileReference; lastKnownFileType = sourcecode.c.objc; path = AppDelegate.m; sourceTree = "<group>"; };
		EEE10CCA24829B0C005EDE1A /* SceneDelegate.h */ = {isa = PBXFileReference; lastKnownFileType = sourcecode.c.h; path = SceneDelegate.h; sourceTree = "<group>"; };
		EEE10CCB24829B0C005EDE1A /* SceneDelegate.m */ = {isa = PBXFileReference; lastKnownFileType = sourcecode.c.objc; path = SceneDelegate.m; sourceTree = "<group>"; };
		EEE10CCD24829B0C005EDE1A /* ViewController.h */ = {isa = PBXFileReference; lastKnownFileType = sourcecode.c.h; path = ViewController.h; sourceTree = "<group>"; };
		EEE10CCE24829B0C005EDE1A /* ViewController.m */ = {isa = PBXFileReference; lastKnownFileType = sourcecode.c.objc; path = ViewController.m; sourceTree = "<group>"; };
		EEE10CD124829B0C005EDE1A /* Base */ = {isa = PBXFileReference; lastKnownFileType = file.storyboard; name = Base; path = Base.lproj/Main.storyboard; sourceTree = "<group>"; };
		EEE10CD324829B0F005EDE1A /* Assets.xcassets */ = {isa = PBXFileReference; lastKnownFileType = folder.assetcatalog; path = Assets.xcassets; sourceTree = "<group>"; };
		EEE10CD624829B0F005EDE1A /* Base */ = {isa = PBXFileReference; lastKnownFileType = file.storyboard; name = Base; path = Base.lproj/LaunchScreen.storyboard; sourceTree = "<group>"; };
		EEE10CD824829B0F005EDE1A /* Info.plist */ = {isa = PBXFileReference; lastKnownFileType = text.plist.xml; path = Info.plist; sourceTree = "<group>"; };
		EEE10CD924829B0F005EDE1A /* main.m */ = {isa = PBXFileReference; lastKnownFileType = sourcecode.c.objc; path = main.m; sourceTree = "<group>"; };
		EEE10CE024829B26005EDE1A /* ViewController1.h */ = {isa = PBXFileReference; lastKnownFileType = sourcecode.c.h; path = ViewController1.h; sourceTree = "<group>"; };
		EEE10CE124829B26005EDE1A /* ViewController1.m */ = {isa = PBXFileReference; lastKnownFileType = sourcecode.c.objc; path = ViewController1.m; sourceTree = "<group>"; };
		EEE10CE324829B3F005EDE1A /* IDOJumpManager.h */ = {isa = PBXFileReference; fileEncoding = 4; lastKnownFileType = sourcecode.c.h; path = IDOJumpManager.h; sourceTree = "<group>"; };
		EEE10CE424829B3F005EDE1A /* IDOJumpManager.m */ = {isa = PBXFileReference; fileEncoding = 4; lastKnownFileType = sourcecode.c.objc; path = IDOJumpManager.m; sourceTree = "<group>"; };
		EEE10CE624829BD8005EDE1A /* ViewController2.h */ = {isa = PBXFileReference; lastKnownFileType = sourcecode.c.h; path = ViewController2.h; sourceTree = "<group>"; };
		EEE10CE724829BD8005EDE1A /* ViewController2.m */ = {isa = PBXFileReference; lastKnownFileType = sourcecode.c.objc; path = ViewController2.m; sourceTree = "<group>"; };
		EEE10CE92482A13E005EDE1A /* CustomNaviViewController.h */ = {isa = PBXFileReference; lastKnownFileType = sourcecode.c.h; path = CustomNaviViewController.h; sourceTree = "<group>"; };
		EEE10CEA2482A13E005EDE1A /* CustomNaviViewController.m */ = {isa = PBXFileReference; lastKnownFileType = sourcecode.c.objc; path = CustomNaviViewController.m; sourceTree = "<group>"; };
/* End PBXFileReference section */

/* Begin PBXFrameworksBuildPhase section */
		EEE10CC124829B0C005EDE1A /* Frameworks */ = {
			isa = PBXFrameworksBuildPhase;
			buildActionMask = 2147483647;
			files = (
			);
			runOnlyForDeploymentPostprocessing = 0;
		};
/* End PBXFrameworksBuildPhase section */

/* Begin PBXGroup section */
		EEE10CBB24829B0C005EDE1A = {
			isa = PBXGroup;
			children = (
				EEE10CC624829B0C005EDE1A /* VCJumpToolDemo */,
				EEE10CC524829B0C005EDE1A /* Products */,
			);
			sourceTree = "<group>";
		};
		EEE10CC524829B0C005EDE1A /* Products */ = {
			isa = PBXGroup;
			children = (
				EEE10CC424829B0C005EDE1A /* VCJumpToolDemo.app */,
			);
			name = Products;
			sourceTree = "<group>";
		};
		EEE10CC624829B0C005EDE1A /* VCJumpToolDemo */ = {
			isa = PBXGroup;
			children = (
				EEE10CC724829B0C005EDE1A /* AppDelegate.h */,
				EEE10CC824829B0C005EDE1A /* AppDelegate.m */,
				EEE10CCA24829B0C005EDE1A /* SceneDelegate.h */,
				EEE10CCB24829B0C005EDE1A /* SceneDelegate.m */,
				EEE10CCD24829B0C005EDE1A /* ViewController.h */,
				EEE10CCE24829B0C005EDE1A /* ViewController.m */,
				EEE10CE024829B26005EDE1A /* ViewController1.h */,
				EEE10CE124829B26005EDE1A /* ViewController1.m */,
				EEE10CE624829BD8005EDE1A /* ViewController2.h */,
				EEE10CE724829BD8005EDE1A /* ViewController2.m */,
				EEE10CE324829B3F005EDE1A /* IDOJumpManager.h */,
				EEE10CE424829B3F005EDE1A /* IDOJumpManager.m */,
				EEE10CE92482A13E005EDE1A /* CustomNaviViewController.h */,
				EEE10CEA2482A13E005EDE1A /* CustomNaviViewController.m */,
				EEE10CD024829B0C005EDE1A /* Main.storyboard */,
				EEE10CD324829B0F005EDE1A /* Assets.xcassets */,
				EEE10CD524829B0F005EDE1A /* LaunchScreen.storyboard */,
				EEE10CD824829B0F005EDE1A /* Info.plist */,
				EEE10CD924829B0F005EDE1A /* main.m */,
			);
			path = VCJumpToolDemo;
			sourceTree = "<group>";
		};
/* End PBXGroup section */

/* Begin PBXNativeTarget section */
		EEE10CC324829B0C005EDE1A /* VCJumpToolDemo */ = {
			isa = PBXNativeTarget;
			buildConfigurationList = EEE10CDD24829B0F005EDE1A /* Build configuration list for PBXNativeTarget "VCJumpToolDemo" */;
			buildPhases = (
				EEE10CC024829B0C005EDE1A /* Sources */,
				EEE10CC124829B0C005EDE1A /* Frameworks */,
				EEE10CC224829B0C005EDE1A /* Resources */,
			);
			buildRules = (
			);
			dependencies = (
			);
			name = VCJumpToolDemo;
			productName = VCJumpToolDemo;
			productReference = EEE10CC424829B0C005EDE1A /* VCJumpToolDemo.app */;
			productType = "com.apple.product-type.application";
		};
/* End PBXNativeTarget section */

/* Begin PBXProject section */
		EEE10CBC24829B0C005EDE1A /* Project object */ = {
			isa = PBXProject;
			attributes = {
				LastUpgradeCheck = 1140;
				ORGANIZATIONNAME = TigerNong;
				TargetAttributes = {
					EEE10CC324829B0C005EDE1A = {
						CreatedOnToolsVersion = 11.4.1;
					};
				};
			};
			buildConfigurationList = EEE10CBF24829B0C005EDE1A /* Build configuration list for PBXProject "VCJumpToolDemo" */;
			compatibilityVersion = "Xcode 9.3";
			developmentRegion = en;
			hasScannedForEncodings = 0;
			knownRegions = (
				en,
				Base,
			);
			mainGroup = EEE10CBB24829B0C005EDE1A;
			productRefGroup = EEE10CC524829B0C005EDE1A /* Products */;
			projectDirPath = "";
			projectRoot = "";
			targets = (
				EEE10CC324829B0C005EDE1A /* VCJumpToolDemo */,
			);
		};
/* End PBXProject section */

/* Begin PBXResourcesBuildPhase section */
		EEE10CC224829B0C005EDE1A /* Resources */ = {
			isa = PBXResourcesBuildPhase;
			buildActionMask = 2147483647;
			files = (
				EEE10CD724829B0F005EDE1A /* LaunchScreen.storyboard in Resources */,
				EEE10CD424829B0F005EDE1A /* Assets.xcassets in Resources */,
				EEE10CD224829B0C005EDE1A /* Main.storyboard in Resources */,
			);
			runOnlyForDeploymentPostprocessing = 0;
		};
/* End PBXResourcesBuildPhase section */

/* Begin PBXSourcesBuildPhase section */
		EEE10CC024829B0C005EDE1A /* Sources */ = {
			isa = PBXSourcesBuildPhase;
			buildActionMask = 2147483647;
			files = (
				EEE10CE824829BD8005EDE1A /* ViewController2.m in Sources */,
				EEE10CE524829B3F005EDE1A /* IDOJumpManager.m in Sources */,
				EEE10CE224829B26005EDE1A /* ViewController1.m in Sources */,
				EEE10CCF24829B0C005EDE1A /* ViewController.m in Sources */,
				EEE10CC924829B0C005EDE1A /* AppDelegate.m in Sources */,
				EEE10CEB2482A13E005EDE1A /* CustomNaviViewController.m in Sources */,
				EEE10CDA24829B0F005EDE1A /* main.m in Sources */,
				EEE10CCC24829B0C005EDE1A /* SceneDelegate.m in Sources */,
			);
			runOnlyForDeploymentPostprocessing = 0;
		};
/* End PBXSourcesBuildPhase section */

/* Begin PBXVariantGroup section */
		EEE10CD024829B0C005EDE1A /* Main.storyboard */ = {
			isa = PBXVariantGroup;
			children = (
				EEE10CD124829B0C005EDE1A /* Base */,
			);
			name = Main.storyboard;
			sourceTree = "<group>";
		};
		EEE10CD524829B0F005EDE1A /* LaunchScreen.storyboard */ = {
			isa = PBXVariantGroup;
			children = (
				EEE10CD624829B0F005EDE1A /* Base */,
			);
			name = LaunchScreen.storyboard;
			sourceTree = "<group>";
		};
/* End PBXVariantGroup section */

/* Begin XCBuildConfiguration section */
		EEE10CDB24829B0F005EDE1A /* Debug */ = {
			isa = XCBuildConfiguration;
			buildSettings = {
				ALWAYS_SEARCH_USER_PATHS = NO;
				CLANG_ANALYZER_NONNULL = YES;
				CLANG_ANALYZER_NUMBER_OBJECT_CONVERSION = YES_AGGRESSIVE;
				CLANG_CXX_LANGUAGE_STANDARD = "gnu++14";
				CLANG_CXX_LIBRARY = "libc++";
				CLANG_ENABLE_MODULES = YES;
				CLANG_ENABLE_OBJC_ARC = YES;
				CLANG_ENABLE_OBJC_WEAK = YES;
				CLANG_WARN_BLOCK_CAPTURE_AUTORELEASING = YES;
				CLANG_WARN_BOOL_CONVERSION = YES;
				CLANG_WARN_COMMA = YES;
				CLANG_WARN_CONSTANT_CONVERSION = YES;
				CLANG_WARN_DEPRECATED_OBJC_IMPLEMENTATIONS = YES;
				CLANG_WARN_DIRECT_OBJC_ISA_USAGE = YES_ERROR;
				CLANG_WARN_DOCUMENTATION_COMMENTS = YES;
				CLANG_WARN_EMPTY_BODY = YES;
				CLANG_WARN_ENUM_CONVERSION = YES;
				CLANG_WARN_INFINITE_RECURSION = YES;
				CLANG_WARN_INT_CONVERSION = YES;
				CLANG_WARN_NON_LITERAL_NULL_CONVERSION = YES;
				CLANG_WARN_OBJC_IMPLICIT_RETAIN_SELF = YES;
				CLANG_WARN_OBJC_LITERAL_CONVERSION = YES;
				CLANG_WARN_OBJC_ROOT_CLASS = YES_ERROR;
				CLANG_WARN_RANGE_LOOP_ANALYSIS = YES;
				CLANG_WARN_STRICT_PROTOTYPES = YES;
				CLANG_WARN_SUSPICIOUS_MOVE = YES;
				CLANG_WARN_UNGUARDED_AVAILABILITY = YES_AGGRESSIVE;
				CLANG_WARN_UNREACHABLE_CODE = YES;
				CLANG_WARN__DUPLICATE_METHOD_MATCH = YES;
				COPY_PHASE_STRIP = NO;
				DEBUG_INFORMATION_FORMAT = dwarf;
				ENABLE_STRICT_OBJC_MSGSEND = YES;
				ENABLE_TESTABILITY = YES;
				GCC_C_LANGUAGE_STANDARD = gnu11;
				GCC_DYNAMIC_NO_PIC = NO;
				GCC_NO_COMMON_BLOCKS = YES;
				GCC_OPTIMIZATION_LEVEL = 0;
				GCC_PREPROCESSOR_DEFINITIONS = (
					"DEBUG=1",
					"$(inherited)",
				);
				GCC_WARN_64_TO_32_BIT_CONVERSION = YES;
				GCC_WARN_ABOUT_RETURN_TYPE = YES_ERROR;
				GCC_WARN_UNDECLARED_SELECTOR = YES;
				GCC_WARN_UNINITIALIZED_AUTOS = YES_AGGRESSIVE;
				GCC_WARN_UNUSED_FUNCTION = YES;
				GCC_WARN_UNUSED_VARIABLE = YES;
				IPHONEOS_DEPLOYMENT_TARGET = 13.4;
				MTL_ENABLE_DEBUG_INFO = INCLUDE_SOURCE;
				MTL_FAST_MATH = YES;
				ONLY_ACTIVE_ARCH = YES;
				SDKROOT = iphoneos;
			};
			name = Debug;
		};
		EEE10CDC24829B0F005EDE1A /* Release */ = {
			isa = XCBuildConfiguration;
			buildSettings = {
				ALWAYS_SEARCH_USER_PATHS = NO;
				CLANG_ANALYZER_NONNULL = YES;
				CLANG_ANALYZER_NUMBER_OBJECT_CONVERSION = YES_AGGRESSIVE;
				CLANG_CXX_LANGUAGE_STANDARD = "gnu++14";
				CLANG_CXX_LIBRARY = "libc++";
				CLANG_ENABLE_MODULES = YES;
				CLANG_ENABLE_OBJC_ARC = YES;
				CLANG_ENABLE_OBJC_WEAK = YES;
				CLANG_WARN_BLOCK_CAPTURE_AUTORELEASING = YES;
				CLANG_WARN_BOOL_CONVERSION = YES;
				CLANG_WARN_COMMA = YES;
				CLANG_WARN_CONSTANT_CONVERSION = YES;
				CLANG_WARN_DEPRECATED_OBJC_IMPLEMENTATIONS = YES;
				CLANG_WARN_DIRECT_OBJC_ISA_USAGE = YES_ERROR;
				CLANG_WARN_DOCUMENTATION_COMMENTS = YES;
				CLANG_WARN_EMPTY_BODY = YES;
				CLANG_WARN_ENUM_CONVERSION = YES;
				CLANG_WARN_INFINITE_RECURSION = YES;
				CLANG_WARN_INT_CONVERSION = YES;
				CLANG_WARN_NON_LITERAL_NULL_CONVERSION = YES;
				CLANG_WARN_OBJC_IMPLICIT_RETAIN_SELF = YES;
				CLANG_WARN_OBJC_LITERAL_CONVERSION = YES;
				CLANG_WARN_OBJC_ROOT_CLASS = YES_ERROR;
				CLANG_WARN_RANGE_LOOP_ANALYSIS = YES;
				CLANG_WARN_STRICT_PROTOTYPES = YES;
				CLANG_WARN_SUSPICIOUS_MOVE = YES;
				CLANG_WARN_UNGUARDED_AVAILABILITY = YES_AGGRESSIVE;
				CLANG_WARN_UNREACHABLE_CODE = YES;
				CLANG_WARN__DUPLICATE_METHOD_MATCH = YES;
				COPY_PHASE_STRIP = NO;
				DEBUG_INFORMATION_FORMAT = "dwarf-with-dsym";
				ENABLE_NS_ASSERTIONS = NO;
				ENABLE_STRICT_OBJC_MSGSEND = YES;
				GCC_C_LANGUAGE_STANDARD = gnu11;
				GCC_NO_COMMON_BLOCKS = YES;
				GCC_WARN_64_TO_32_BIT_CONVERSION = YES;
				GCC_WARN_ABOUT_RETURN_TYPE = YES_ERROR;
				GCC_WARN_UNDECLARED_SELECTOR = YES;
				GCC_WARN_UNINITIALIZED_AUTOS = YES_AGGRESSIVE;
				GCC_WARN_UNUSED_FUNCTION = YES;
				GCC_WARN_UNUSED_VARIABLE = YES;
				IPHONEOS_DEPLOYMENT_TARGET = 13.4;
				MTL_ENABLE_DEBUG_INFO = NO;
				MTL_FAST_MATH = YES;
				SDKROOT = iphoneos;
				VALIDATE_PRODUCT = YES;
			};
			name = Release;
		};
		EEE10CDE24829B0F005EDE1A /* Debug */ = {
			isa = XCBuildConfiguration;
			buildSettings = {
				ASSETCATALOG_COMPILER_APPICON_NAME = AppIcon;
				CODE_SIGN_STYLE = Automatic;
				INFOPLIST_FILE = VCJumpToolDemo/Info.plist;
				LD_RUNPATH_SEARCH_PATHS = (
					"$(inherited)",
					"@executable_path/Frameworks",
				);
				PRODUCT_BUNDLE_IDENTIFIER = tiger.VCJumpToolDemo;
				PRODUCT_NAME = "$(TARGET_NAME)";
				TARGETED_DEVICE_FAMILY = "1,2";
			};
			name = Debug;
		};
		EEE10CDF24829B0F005EDE1A /* Release */ = {
			isa = XCBuildConfiguration;
			buildSettings = {
				ASSETCATALOG_COMPILER_APPICON_NAME = AppIcon;
				CODE_SIGN_STYLE = Automatic;
				INFOPLIST_FILE = VCJumpToolDemo/Info.plist;
				LD_RUNPATH_SEARCH_PATHS = (
					"$(inherited)",
					"@executable_path/Frameworks",
				);
				PRODUCT_BUNDLE_IDENTIFIER = tiger.VCJumpToolDemo;
				PRODUCT_NAME = "$(TARGET_NAME)";
				TARGETED_DEVICE_FAMILY = "1,2";
			};
			name = Release;
		};
/* End XCBuildConfiguration section */

/* Begin XCConfigurationList section */
		EEE10CBF24829B0C005EDE1A /* Build configuration list for PBXProject "VCJumpToolDemo" */ = {
			isa = XCConfigurationList;
			buildConfigurations = (
				EEE10CDB24829B0F005EDE1A /* Debug */,
				EEE10CDC24829B0F005EDE1A /* Release */,
			);
			defaultConfigurationIsVisible = 0;
			defaultConfigurationName = Release;
		};
		EEE10CDD24829B0F005EDE1A /* Build configuration list for PBXNativeTarget "VCJumpToolDemo" */ = {
			isa = XCConfigurationList;
			buildConfigurations = (
				EEE10CDE24829B0F005EDE1A /* Debug */,
				EEE10CDF24829B0F005EDE1A /* Release */,
			);
			defaultConfigurationIsVisible = 0;
			defaultConfigurationName = Release;
		};
/* End XCConfigurationList section */
	};
	rootObject = EEE10CBC24829B0C005EDE1A /* Project object */;
}
